<?xml version="1.0" encoding="utf-8"?>
<Project ToolsVersion="4.0" xmlns="http://schemas.microsoft.com/developer/msbuild/2003">
  <ItemGroup>
    <Filter Include="Source Files">
      <UniqueIdentifier>{4FC737F1-C7A5-4376-A066-2A32D752A2FF}</UniqueIdentifier>
      <Extensions>cpp;c;cc;cxx;def;odl;idl;hpj;bat;asm;asmx</Extensions>
    </Filter>
    <Filter Include="Header Files">
      <UniqueIdentifier>{93995380-89BD-4b04-88EB-625FBE52EBFB}</UniqueIdentifier>
      <Extensions>h;hpp;hxx;hm;inl;inc;xsd</Extensions>
    </Filter>
    <Filter Include="Resource Files">
      <UniqueIdentifier>{67DA6AB6-F800-4c08-8B7A-83BB121AAD01}</UniqueIdentifier>
      <Extensions>rc;ico;cur;bmp;dlg;rc2;rct;bin;rgs;gif;jpg;jpeg;jpe;resx;tiff;tif;png;wav</Extensions>
    </Filter>
  </ItemGroup>
  <ItemGroup>
    <ClInclude Include="..\data_both.h">
      <Filter>Header Files</Filter>
    </ClInclude>
    <ClInclude Include="..\data_client.h">
      <Filter>Header Files</Filter>
    </ClInclude>
    <ClInclude Include="..\define_both.h">
      <Filter>Header Files</Filter>
    </ClInclude>
    <ClInclude Include="..\define_client.h">
      <Filter>Header Files</Filter>
    </ClInclude>
    <ClInclude Include="..\function_both.h">
      <Filter>Header Files</Filter>
    </ClInclude>
    <ClInclude Include="..\function_client.h">
      <Filter>Header Files</Filter>
    </ClInclude>
    <ClInclude Include="..\Resource.h">
      <Filter>Header Files</Filter>
    </ClInclude>
    <ClInclude Include="..\setup_both_basic.h">
      <Filter>Header Files</Filter>
    </ClInclude>
    <ClInclude Include="..\stdafx.h">
      <Filter>Header Files</Filter>
    </ClInclude>
    <ClInclude Include="..\u6o7.h">
      <Filter>Header Files</Filter>
    </ClInclude>
    <ClInclude Include="..\use_code\use_code.h">
      <Filter>Header Files</Filter>
    </ClInclude>
    <ClInclude Include="..\spell_code\spell_code.h">
      <Filter>Header Files</Filter>
    </ClInclude>
    <ClInclude Include="..\random\rand.h">
      <Filter>Header Files</Filter>
    </ClInclude>
    <ClInclude Include="..\random\random.h">
      <Filter>Header Files</Filter>
    </ClInclude>
    <ClInclude Include="..\random\standard.h">
      <Filter>Header Files</Filter>
    </ClInclude>
  </ItemGroup>
  <ItemGroup>
    <None Include="..\client_bmp.inc">
      <Filter>Resource Files</Filter>
    </None>
    <None Include="..\globals.inc">
      <Filter>Resource Files</Filter>
    </None>
    <None Include="..\new_getspr.inc">
      <Filter>Resource Files</Filter>
    </None>
    <None Include="..\old_getspr.inc">
      <Filter>Resource Files</Filter>
    </None>
    <None Include="..\secret_a.inc">
      <Filter>Resource Files</Filter>
    </None>
    <None Include="..\secret_b.inc">
      <Filter>Resource Files</Filter>
    </None>
    <None Include="..\setup_both.inc">
      <Filter>Resource Files</Filter>
    </None>
    <None Include="..\setup_client.inc">
      <Filter>Resource Files</Filter>
    </None>
    <None Include="..\small.ico">
      <Filter>Resource Files</Filter>
    </None>
    <None Include="..\u6o7.ico">
      <Filter>Resource Files</Filter>
    </None>
  </ItemGroup>
  <ItemGroup>
    <ResourceCompile Include="..\u6o7.rc">
      <Filter>Resource Files</Filter>
    </ResourceCompile>
  </ItemGroup>
  <ItemGroup>
    <ClCompile Include="..\data_both.cpp">
      <Filter>Source Files</Filter>
    </ClCompile>
    <ClCompile Include="..\data_client.cpp">
      <Filter>Source Files</Filter>
    </ClCompile>
    <ClCompile Include="..\dmusic.cpp">
      <Filter>Source Files</Filter>
    </ClCompile>
    <ClCompile Include="..\frame.cpp">
      <Filter>Source Files</Filter>
    </ClCompile>
    <ClCompile Include="..\function_both.cpp">
      <Filter>Source Files</Filter>
    </ClCompile>
    <ClCompile Include="..\function_client.cpp">
      <Filter>Source Files</Filter>
    </ClCompile>
    <ClCompile Include="..\myddraw.cpp">
      <Filter>Source Files</Filter>
    </ClCompile>
    <ClCompile Include="..\myfile.cpp">
      <Filter>Source Files</Filter>
    </ClCompile>
    <ClCompile Include="..\sound.cpp">
      <Filter>Source Files</Filter>
    </ClCompile>
    <ClCompile Include="..\stdafx.cpp">
      <Filter>Source Files</Filter>
    </ClCompile>
    <ClCompile Include="..\txt.cpp">
      <Filter>Source Files</Filter>
    </ClCompile>
    <ClCompile Include="..\u6o7.cpp">
      <Filter>Source Files</Filter>
    </ClCompile>
    <ClCompile Include="..\random\randi.cpp">
      <Filter>Source Files</Filter>
    </ClCompile>
    <ClCompile Include="..\random\random.cpp">
      <Filter>Source Files</Filter>
    </ClCompile>
    <ClCompile Include="..\Xenkan.cpp">
      <Filter>Source Files</Filter>
    </ClCompile>
  </ItemGroup>
</Project>