<?xml version="1.0" encoding="utf-8"?>
<Project ToolsVersion="4.0" xmlns="http://schemas.microsoft.com/developer/msbuild/2003">
  <ItemGroup>
    <Filter Include="Resource Files">
      <UniqueIdentifier>{67DA6AB6-F800-4c08-8B7A-83BB121AAD01}</UniqueIdentifier>
      <Extensions>rc;ico;cur;bmp;dlg;rc2;rct;bin;rgs;gif;jpg;jpeg;jpe;resx;tiff;tif;png;wav</Extensions>
    </Filter>
    <Filter Include="Header Files">
      <UniqueIdentifier>{50399615-656b-47de-b56b-5724469bedef}</UniqueIdentifier>
    </Filter>
    <Filter Include="Source Files">
      <UniqueIdentifier>{71818f3a-9d30-4398-9b16-7ef3bd60563a}</UniqueIdentifier>
    </Filter>
  </ItemGroup>
  <ItemGroup>
    <ClInclude Include="..\data_both.h">
      <Filter>Header Files</Filter>
    </ClInclude>
    <ClInclude Include="..\data_client.h">
      <Filter>Header Files</Filter>
    </ClInclude>
    <ClInclude Include="..\data_host.h">
      <Filter>Header Files</Filter>
    </ClInclude>
    <ClInclude Include="..\define_both.h">
      <Filter>Header Files</Filter>
    </ClInclude>
    <ClInclude Include="..\define_client.h">
      <Filter>Header Files</Filter>
    </ClInclude>
    <ClInclude Include="..\define_host.h">
      <Filter>Header Files</Filter>
    </ClInclude>
    <ClInclude Include="..\function_both.h">
      <Filter>Header Files</Filter>
    </ClInclude>
    <ClInclude Include="..\function_host.h">
      <Filter>Header Files</Filter>
    </ClInclude>
    <ClInclude Include="..\Resource.h">
      <Filter>Header Files</Filter>
    </ClInclude>
    <ClInclude Include="..\stdafx.h">
      <Filter>Header Files</Filter>
    </ClInclude>
    <ClInclude Include="..\u6o7.h">
      <Filter>Header Files</Filter>
    </ClInclude>
    <ClInclude Include="..\use_code\use_code.h">
      <Filter>Header Files</Filter>
    </ClInclude>
    <ClInclude Include="..\spell_code\spell_code.h">
      <Filter>Header Files</Filter>
    </ClInclude>
    <ClInclude Include="..\random\rand.h">
      <Filter>Header Files</Filter>
    </ClInclude>
    <ClInclude Include="..\random\random.h">
      <Filter>Header Files</Filter>
    </ClInclude>
    <ClInclude Include="..\random\standard.h">
      <Filter>Header Files</Filter>
    </ClInclude>
  </ItemGroup>
  <ItemGroup>
    <None Include="..\globals.inc">
      <Filter>Resource Files</Filter>
    </None>
    <None Include="..\host.inc">
      <Filter>Resource Files</Filter>
    </None>
    <None Include="..\new_getspr.inc">
      <Filter>Resource Files</Filter>
    </None>
    <None Include="..\old_getspr.inc">
      <Filter>Resource Files</Filter>
    </None>
    <None Include="..\secret_a.inc">
      <Filter>Resource Files</Filter>
    </None>
    <None Include="..\secret_b.inc">
      <Filter>Resource Files</Filter>
    </None>
    <None Include="..\setup_both.inc">
      <Filter>Resource Files</Filter>
    </None>
    <None Include="..\setup_client.inc">
      <Filter>Resource Files</Filter>
    </None>
    <None Include="..\setup_host.inc">
      <Filter>Resource Files</Filter>
    </None>
    <None Include="..\small.ico">
      <Filter>Resource Files</Filter>
    </None>
    <None Include="..\u6o7.ico">
      <Filter>Resource Files</Filter>
    </None>
  </ItemGroup>
  <ItemGroup>
    <ResourceCompile Include="..\u6o7.rc">
      <Filter>Resource Files</Filter>
    </ResourceCompile>
  </ItemGroup>
  <ItemGroup>
    <ClCompile Include="..\data_host.cpp">
      <Filter>Source Files</Filter>
    </ClCompile>
    <ClCompile Include="..\dmusic.cpp">
      <Filter>Source Files</Filter>
    </ClCompile>
    <ClCompile Include="..\frame.cpp">
      <Filter>Source Files</Filter>
    </ClCompile>
    <ClCompile Include="..\function_both.cpp">
      <Filter>Source Files</Filter>
    </ClCompile>
    <ClCompile Include="..\function_host.cpp">
      <Filter>Source Files</Filter>
    </ClCompile>
    <ClCompile Include="..\house.cpp">
      <Filter>Source Files</Filter>
    </ClCompile>
    <ClCompile Include="..\myddraw.cpp">
      <Filter>Source Files</Filter>
    </ClCompile>
    <ClCompile Include="..\myfile.cpp">
      <Filter>Source Files</Filter>
    </ClCompile>
    <ClCompile Include="..\stdafx.cpp">
      <Filter>Source Files</Filter>
    </ClCompile>
    <ClCompile Include="..\txt.cpp">
      <Filter>Source Files</Filter>
    </ClCompile>
    <ClCompile Include="..\u6o7.cpp">
      <Filter>Source Files</Filter>
    </ClCompile>
    <ClCompile Include="..\data_both.cpp">
      <Filter>Source Files</Filter>
    </ClCompile>
    <ClCompile Include="..\spell_code\spell_code.cpp">
      <Filter>Source Files</Filter>
    </ClCompile>
    <ClCompile Include="..\use_code\use_code.cpp">
      <Filter>Source Files</Filter>
    </ClCompile>
    <ClCompile Include="..\random\randi.cpp">
      <Filter>Source Files</Filter>
    </ClCompile>
    <ClCompile Include="..\random\random.cpp">
      <Filter>Source Files</Filter>
    </ClCompile>
    <ClCompile Include="..\Xenkan.cpp">
      <Filter>Source Files</Filter>
    </ClCompile>
  </ItemGroup>
</Project>